{
  "nodes": {
    "flake-compat": {
      "flake": false,
      "locked": {
        "lastModified": 1673956053,
        "narHash": "sha256-4gtG9iQuiKITOjNQQeQIpoIB6b16fm+504Ch3sNKLd8=",
        "owner": "edolstra",
        "repo": "flake-compat",
        "rev": "35bb57c0c8d8b62bbfd284272c928ceb64ddbde9",
        "type": "github"
      },
      "original": {
        "owner": "edolstra",
        "repo": "flake-compat",
        "type": "github"
      }
    },
    "nain4": {
      "inputs": {
        "flake-compat": "flake-compat",
        "nixpkgs": "nixpkgs",
        "nosys": "nosys",
        "oldpkgs": "oldpkgs"
      },
      "locked": {
        "lastModified": 1704727516,
        "narHash": "sha256-1pMQmaIME4jihoF4aEIWISJ/lOgVpS3IjdColcuPSnI=",
        "owner": "jacg",
        "repo": "nain4",
        "rev": "7a6626e3d83ce4e89ea488e5e38eaf6864f2a548",
        "type": "github"
      },
      "original": {
        "owner": "jacg",
        "ref": "nix-23.11-old-g4-qt",
        "repo": "nain4",
        "type": "github"
      }
    },
    "nix-gl-host": {
      "inputs": {
        "nixpkgs": "nixpkgs_2"
      },
      "locked": {
        "lastModified": 1696418759,
        "narHash": "sha256-YecI7dV+lqdFhpvoT2qDErrFpvxw66GuR7i+R7PKrHg=",
        "owner": "numtide",
        "repo": "nix-gl-host",
        "rev": "d34c566615b34b3ab86e3d3b9d1b40f8bf4ac771",
        "type": "github"
      },
      "original": {
        "owner": "numtide",
        "repo": "nix-gl-host",
        "type": "github"
      }
    },
    "nixpkgs": {
      "locked": {
        "lastModified": 1703068421,
        "narHash": "sha256-WSw5Faqlw75McIflnl5v7qVD/B3S2sLh+968bpOGrWA=",
        "owner": "NixOS",
        "repo": "nixpkgs",
        "rev": "d65bceaee0fb1e64363f7871bc43dc1c6ecad99f",
        "type": "github"
      },
      "original": {
        "owner": "NixOS",
        "ref": "nixos-23.11",
        "repo": "nixpkgs",
        "type": "github"
      }
    },
    "nixpkgs_2": {
      "locked": {
        "lastModified": 1669045945,
        "narHash": "sha256-BQxzijvZpLQ7R+KuQzCPcFgIS6OK0Onb29pYFe2pzJo=",
        "owner": "NixOS",
        "repo": "nixpkgs",
        "rev": "6b5019a48f876f3288efc626fa8b70ad0c64eb46",
        "type": "github"
      },
      "original": {
        "owner": "NixOS",
        "ref": "nixpkgs-unstable",
        "repo": "nixpkgs",
        "type": "github"
      }
    },
    "nosys": {
      "locked": {
        "lastModified": 1685411599,
        "narHash": "sha256-+W6yxZXJwta1zIruKMmXwayLZvqLjRZ7L/VnQFNyRJw=",
        "owner": "divnix",
        "repo": "nosys",
        "rev": "6e168298ce2f9aa9fc6ef85ded56b07f41d90d18",
        "type": "github"
      },
      "original": {
        "owner": "divnix",
        "repo": "nosys",
        "type": "github"
      }
    },
    "oldpkgs": {
      "locked": {
        "lastModified": 1702350026,
        "narHash": "sha256-A+GNZFZdfl4JdDphYKBJ5Ef1HOiFsP18vQe9mqjmUis=",
        "owner": "NixOS",
        "repo": "nixpkgs",
        "rev": "9463103069725474698139ab10f17a9d125da859",
        "type": "github"
      },
      "original": {
        "owner": "NixOS",
        "ref": "nixos-23.05",
        "repo": "nixpkgs",
        "type": "github"
      }
    },
    "root": {
      "inputs": {
        "nain4": "nain4",
        "nix-gl-host": "nix-gl-host",
        "nixpkgs": [
          "nain4",
          "nixpkgs"
        ],
        "nosys": [
          "nain4",
          "nosys"
        ]
      }
    }
  },
  "root": "root",
  "version": 7
}
